
Microsoft Visual Studio Solution File, Format Version 12.00
# Visual Studio 14
VisualStudioVersion = 14.0.23107.0
MinimumVisualStudioVersion = 10.0.40219.1
Project("{8BC9CEB8-8B4A-11D0-8D11-00A0C91BC942}") = "Server", "Server\Server.vcxproj", "{0A98BDF1-736D-43FD-8C96-DA1078E8759A}"
EndProject
Project("{8BC9CEB8-8B4A-11D0-8D11-00A0C91BC942}") = "Client", "Client\Client.vcxproj", "{10851654-D548-455D-83E9-687DE7BB1D81}"
EndProject
Global
	GlobalSection(SolutionConfigurationPlatforms) = preSolution
		Debug|x64 = Debug|x64
		Debug|x86 = Debug|x86
		Release|x64 = Release|x64
		Release|x86 = Release|x86
	EndGlobalSection
	GlobalSection(ProjectConfigurationPlatforms) = postSolution
		{0A98BDF1-736D-43FD-8C96-DA1078E8759A}.Debug|x64.ActiveCfg = Debug|x64
		{0A98BDF1-736D-43FD-8C96-DA1078E8759A}.Debug|x64.Build.0 = Debug|x64
		{0A98BDF1-736D-43FD-8C96-DA1078E8759A}.Debug|x86.ActiveCfg = Debug|Win32
		{0A98BDF1-736D-43FD-8C96-DA1078E8759A}.Debug|x86.Build.0 = Debug|Win32
		{0A98BDF1-736D-43FD-8C96-DA1078E8759A}.Release|x64.ActiveCfg = Release|x64
		{0A98BDF1-736D-43FD-8C96-DA1078E8759A}.Release|x64.Build.0 = Release|x64
		{0A98BDF1-736D-43FD-8C96-DA1078E8759A}.Release|x86.ActiveCfg = Release|Win32
		{0A98BDF1-736D-43FD-8C96-DA1078E8759A}.Release|x86.Build.0 = Release|Win32
		{10851654-D548-455D-83E9-687DE7BB1D81}.Debug|x64.ActiveCfg = Debug|x64
		{10851654-D548-455D-83E9-687DE7BB1D81}.Debug|x64.Build.0 = Debug|x64
		{10851654-D548-455D-83E9-687DE7BB1D81}.Debug|x86.ActiveCfg = Debug|Win32
		{10851654-D548-455D-83E9-687DE7BB1D81}.Debug|x86.Build.0 = Debug|Win32
		{10851654-D548-455D-83E9-687DE7BB1D81}.Release|x64.ActiveCfg = Release|x64
		{10851654-D548-455D-83E9-687DE7BB1D81}.Release|x64.Build.0 = Release|x64
		{10851654-D548-455D-83E9-687DE7BB1D81}.Release|x86.ActiveCfg = Release|Win32
		{10851654-D548-455D-83E9-687DE7BB1D81}.Release|x86.Build.0 = Release|Win32
	EndGlobalSection
	GlobalSection(SolutionProperties) = preSolution
		HideSolutionNode = FALSE
	EndGlobalSection
EndGlobal
