
Microsoft Visual Studio Solution File, Format Version 12.00
# Visual Studio 14
VisualStudioVersion = 14.0.25420.1
MinimumVisualStudioVersion = 10.0.40219.1
Project("{8BC9CEB8-8B4A-11D0-8D11-00A0C91BC942}") = "Client", "concave_game\concave_game.vcxproj", "{3FC47BF6-F55C-446F-AEC0-CBE69A3A9A49}"
EndProject
Project("{8BC9CEB8-8B4A-11D0-8D11-00A0C91BC942}") = "Server", "Server\Server.vcxproj", "{7DC37D50-6079-49A7-94E7-90700F6D416E}"
EndProject
Global
	GlobalSection(SolutionConfigurationPlatforms) = preSolution
		Debug|x64 = Debug|x64
		Debug|x86 = Debug|x86
		Release|x64 = Release|x64
		Release|x86 = Release|x86
	EndGlobalSection
	GlobalSection(ProjectConfigurationPlatforms) = postSolution
		{3FC47BF6-F55C-446F-AEC0-CBE69A3A9A49}.Debug|x64.ActiveCfg = Debug|x64
		{3FC47BF6-F55C-446F-AEC0-CBE69A3A9A49}.Debug|x64.Build.0 = Debug|x64
		{3FC47BF6-F55C-446F-AEC0-CBE69A3A9A49}.Debug|x86.ActiveCfg = Debug|Win32
		{3FC47BF6-F55C-446F-AEC0-CBE69A3A9A49}.Debug|x86.Build.0 = Debug|Win32
		{3FC47BF6-F55C-446F-AEC0-CBE69A3A9A49}.Release|x64.ActiveCfg = Release|x64
		{3FC47BF6-F55C-446F-AEC0-CBE69A3A9A49}.Release|x64.Build.0 = Release|x64
		{3FC47BF6-F55C-446F-AEC0-CBE69A3A9A49}.Release|x86.ActiveCfg = Release|Win32
		{3FC47BF6-F55C-446F-AEC0-CBE69A3A9A49}.Release|x86.Build.0 = Release|Win32
		{7DC37D50-6079-49A7-94E7-90700F6D416E}.Debug|x64.ActiveCfg = Debug|x64
		{7DC37D50-6079-49A7-94E7-90700F6D416E}.Debug|x64.Build.0 = Debug|x64
		{7DC37D50-6079-49A7-94E7-90700F6D416E}.Debug|x86.ActiveCfg = Debug|Win32
		{7DC37D50-6079-49A7-94E7-90700F6D416E}.Debug|x86.Build.0 = Debug|Win32
		{7DC37D50-6079-49A7-94E7-90700F6D416E}.Release|x64.ActiveCfg = Release|x64
		{7DC37D50-6079-49A7-94E7-90700F6D416E}.Release|x64.Build.0 = Release|x64
		{7DC37D50-6079-49A7-94E7-90700F6D416E}.Release|x86.ActiveCfg = Release|Win32
		{7DC37D50-6079-49A7-94E7-90700F6D416E}.Release|x86.Build.0 = Release|Win32
	EndGlobalSection
	GlobalSection(SolutionProperties) = preSolution
		HideSolutionNode = FALSE
	EndGlobalSection
EndGlobal
